
Microsoft Visual Studio Solution File, Format Version 12.00
# Visual Studio Version 17
VisualStudioVersion = 17.1.32210.238
MinimumVisualStudioVersion = 10.0.40219.1
Project("{FAE04EC0-301F-11D3-BF4B-00C04F79EFBC}") = "SmartCardTool", "SmartCardTool.csproj", "{19C75CF5-A643-40ED-B155-39E5F38BBF72}"
EndProject
Project("{54435603-DBB4-11D2-8724-00A0C9A8B90C}") = "SmartCardTools", "SmartCardTools\SmartCardTools.vdproj", "{50FD89E0-6214-4128-A427-11EE85D25007}"
EndProject
Project("{FAE04EC0-301F-11D3-BF4B-00C04F79EFBC}") = "SmartCartTool_API", "..\SmartCartTool_API\SmartCartTool_API.csproj", "{425133DC-145E-4906-B6FF-6E9CBD2F8E3E}"
EndProject
Global
	GlobalSection(SolutionConfigurationPlatforms) = preSolution
		Debug|Any CPU = Debug|Any CPU
		Release|Any CPU = Release|Any CPU
	EndGlobalSection
	GlobalSection(ProjectConfigurationPlatforms) = postSolution
		{19C75CF5-A643-40ED-B155-39E5F38BBF72}.Debug|Any CPU.ActiveCfg = Debug|Any CPU
		{19C75CF5-A643-40ED-B155-39E5F38BBF72}.Debug|Any CPU.Build.0 = Debug|Any CPU
		{19C75CF5-A643-40ED-B155-39E5F38BBF72}.Release|Any CPU.ActiveCfg = Release|Any CPU
		{19C75CF5-A643-40ED-B155-39E5F38BBF72}.Release|Any CPU.Build.0 = Release|Any CPU
		{50FD89E0-6214-4128-A427-11EE85D25007}.Debug|Any CPU.ActiveCfg = Debug
		{50FD89E0-6214-4128-A427-11EE85D25007}.Release|Any CPU.ActiveCfg = Release
		{425133DC-145E-4906-B6FF-6E9CBD2F8E3E}.Debug|Any CPU.ActiveCfg = Debug|Any CPU
		{425133DC-145E-4906-B6FF-6E9CBD2F8E3E}.Debug|Any CPU.Build.0 = Debug|Any CPU
		{425133DC-145E-4906-B6FF-6E9CBD2F8E3E}.Release|Any CPU.ActiveCfg = Release|Any CPU
		{425133DC-145E-4906-B6FF-6E9CBD2F8E3E}.Release|Any CPU.Build.0 = Release|Any CPU
	EndGlobalSection
	GlobalSection(SolutionProperties) = preSolution
		HideSolutionNode = FALSE
	EndGlobalSection
	GlobalSection(ExtensibilityGlobals) = postSolution
		SolutionGuid = {A162168B-C62F-47F0-B326-7576021351A6}
	EndGlobalSection
EndGlobal
